version = 1
revision = 2
requires-python = ">=3.12"

[[package]]
name = "oapple"
version = "0.1.0"
source = { editable = "." }
dependencies = [
    { name = "pyobjc-framework-contacts" },
    { name = "pyobjc-framework-corelocation" },
    { name = "pyobjc-framework-eventkit" },
]

[package.metadata]
requires-dist = [
    { name = "pyobjc-framework-contacts", specifier = ">=12.2.1" },
    { name = "pyobjc-framework-corelocation", specifier = ">=12.2.1" },
    { name = "pyobjc-framework-eventkit", specifier = ">=12.2.1" },
]

[[package]]
name = "pyobjc-core"
version = "12.2.1"
source = { registry = "https://pypi.org/simple" }
sdist = { url = "https://files.pythonhosted.org/packages/b4/b1/729f7458a63758bd21716648a8abcd9a0c8f2d2e9897763c8a1a1c7fd31b/pyobjc_core-12.2.1.tar.gz", hash = "sha256:7a7b9b018402342cf32bf1956366896350fbe5c0478cb3ef59778f77abed7f07", size = 1063383, upload_time = "2026-06-19T16:19:39.357Z" }
wheels = [
    { url = "https://files.pythonhosted.org/packages/8c/88/300ad283bed0c971c52dcac6f70113e138169d4ce6d856ddd03d16081e51/pyobjc_core-12.2.1-cp312-cp312-macosx_10_13_universal2.whl", hash = "sha256:a64232bb27ed101d4adc7d42b0e64a6d3331aac7bee7861c037a6777a163f10b", size = 6433347, upload_time = "2026-06-19T16:04:49.341Z" },
    { url = "https://files.pythonhosted.org/packages/3e/1e/b9b0ddffae66996b8779f1f7958adc9f21c13a0448cd3be8d7fe589b5b0f/pyobjc_core-12.2.1-cp313-cp313-macosx_10_13_universal2.whl", hash = "sha256:af101222762665a4125157906cb4b23f5d5a63d3851d5e0504f72a1eaaa2cfd2", size = 6436004, upload_time = "2026-06-19T16:04:53.257Z" },
    { url = "https://files.pythonhosted.org/packages/8f/26/bd309ede07784c6e5fac4b440c90a5f72a66da7859ed303a9392fe8a5f3f/pyobjc_core-12.2.1-cp313-cp313t-macosx_10_13_universal2.whl", hash = "sha256:efe465e3ecc6fc73f7c7622620345d134a8d34564ab1c29d8247e45f4ed55071", size = 6687044, upload_time = "2026-06-19T16:04:57.42Z" },
    { url = "https://files.pythonhosted.org/packages/bd/8a/cfa4f56939d554dbb342ec6e5226a441e2f552bc2002a0ddf7705bb11bef/pyobjc_core-12.2.1-cp314-cp314-macosx_10_15_universal2.whl", hash = "sha256:2b8fc0531c27277325e113ac00b8a72a82e6145f0a88175b9425d8de814ff69a", size = 6429289, upload_time = "2026-06-19T16:05:02.191Z" },
    { url = "https://files.pythonhosted.org/packages/42/74/446c89bc18103aaa4a00d1fb85ff8acace9a0dc3f362d9678ebf7571e275/pyobjc_core-12.2.1-cp314-cp314t-macosx_10_15_universal2.whl", hash = "sha256:9bef500f979e22d54f9da3aaebf6a48f873234b324858bd69256055a318955c7", size = 6690181, upload_time = "2026-06-19T16:05:06.201Z" },
    { url = "https://files.pythonhosted.org/packages/99/c7/0121ee4c616af07ad2de8cd1a286f6978dc9a227eb58b7c2e875cb68a1df/pyobjc_core-12.2.1-cp315-cp315-macosx_10_15_universal2.whl", hash = "sha256:047c226eeb58a2993ace5e8904e71cc9426ee20d064c617f8fbf32717d37093e", size = 6487078, upload_time = "2026-06-19T16:05:10.093Z" },
    { url = "https://files.pythonhosted.org/packages/b5/a8/cb9fcc150f97d0bf22a2028f88b24cc35949beb1bcc7b8bc5c17d4401677/pyobjc_core-12.2.1-cp315-cp315t-macosx_10_15_universal2.whl", hash = "sha256:1188613805336270279570467e4455b74cb6c0f60913ac74c917ee1c37cfaecb", size = 6733064, upload_time = "2026-06-19T16:05:14.313Z" },
]

[[package]]
name = "pyobjc-framework-cocoa"
version = "12.2.1"
source = { registry = "https://pypi.org/simple" }
dependencies = [
    { name = "pyobjc-core" },
]
sdist = { url = "https://files.pythonhosted.org/packages/51/34/fbe38a204643aa4e1b91391cdce07a34da565a69171ebcad08de7438a556/pyobjc_framework_cocoa-12.2.1.tar.gz", hash = "sha256:b94b37fe5730e5ae1fb0052912cd174e6ec329b0bfba4a012ae5db1014b5864b", size = 3125751, upload_time = "2026-06-19T16:20:05.159Z" }
wheels = [
    { url = "https://files.pythonhosted.org/packages/f7/cf/1b3b32b2f28f66cc053c3438ef4e6df36a1591945bf05e7399da18d74553/pyobjc_framework_cocoa-12.2.1-cp312-cp312-macosx_10_13_universal2.whl", hash = "sha256:28b9b8bab1c36efb94744786918752d0c1842f5fbb67e7d5ca97b5f736512080", size = 388113, upload_time = "2026-06-19T16:07:38.9Z" },
    { url = "https://files.pythonhosted.org/packages/cc/46/68e8e4d926a2f70fed0437047bc3f9fe08af8fe620d94d80656ebc3cfa9b/pyobjc_framework_cocoa-12.2.1-cp313-cp313-macosx_10_13_universal2.whl", hash = "sha256:3b74a78fa7803e547b32e5e8ec1b49987b52fe318383e793bc6cd49b80efbd9f", size = 388183, upload_time = "2026-06-19T16:07:40.483Z" },
    { url = "https://files.pythonhosted.org/packages/2e/f3/dfc9af4c9eb2e5389c860ad5ef252be9fe456db09f39d537555dc5057aa1/pyobjc_framework_cocoa-12.2.1-cp313-cp313t-macosx_10_13_universal2.whl", hash = "sha256:dc2eaca2f13c7bcd8e41e51a372e47825dea9dd3126108760eed7ba883d2945c", size = 392275, upload_time = "2026-06-19T16:07:42.078Z" },
    { url = "https://files.pythonhosted.org/packages/ec/c8/b90baa8f3592eded79b4be98fb59d2b8dc16b62361e34292bd95806ebd9f/pyobjc_framework_cocoa-12.2.1-cp314-cp314-macosx_10_15_universal2.whl", hash = "sha256:b386c324d64ae565c1f6b7dfb77be68f640a1c7c23caa6966ab661131f519561", size = 388357, upload_time = "2026-06-19T16:07:43.364Z" },
    { url = "https://files.pythonhosted.org/packages/98/d8/64a94651b9294702d55e748d94de30e25bc59d0784526be7643f4467eccd/pyobjc_framework_cocoa-12.2.1-cp314-cp314t-macosx_10_15_universal2.whl", hash = "sha256:a6c584e2af0813cb2f6103b184e632665a26f58c1bd5b08ffd6e95a19c617f7b", size = 392404, upload_time = "2026-06-19T16:07:44.955Z" },
    { url = "https://files.pythonhosted.org/packages/5c/cc/26e8a7bf1f5e8caa38b7f80d486296f9fd3c97e71ad7e5444ef22e802758/pyobjc_framework_cocoa-12.2.1-cp315-cp315-macosx_10_15_universal2.whl", hash = "sha256:b6023657b8d6cc049a21bd6b4752425f2f53c42f9f0b02d64c7608cc484bf103", size = 388589, upload_time = "2026-06-19T16:07:46.276Z" },
    { url = "https://files.pythonhosted.org/packages/b6/f3/eedf743a303ea742b8e082afe3613fb4d6618bc1a48cf2568b004ce906f7/pyobjc_framework_cocoa-12.2.1-cp315-cp315t-macosx_10_15_universal2.whl", hash = "sha256:c685ccd8e266a07cf912a2c5a13b1f2eff2a868a1aff163b4801b4687bd425e1", size = 392691, upload_time = "2026-06-19T16:07:47.477Z" },
]

[[package]]
name = "pyobjc-framework-contacts"
version = "12.2.1"
source = { registry = "https://pypi.org/simple" }
dependencies = [
    { name = "pyobjc-core" },
    { name = "pyobjc-framework-cocoa" },
]
sdist = { url = "https://files.pythonhosted.org/packages/4a/e2/a9c33480e4f6de3f20e2d2668ea05520061b8eae31e8461b09940c01f2dc/pyobjc_framework_contacts-12.2.1.tar.gz", hash = "sha256:b009f1e85d672e659c30cefbba02a1825b4ca2b604e65826445fb8620159725e", size = 48701, upload_time = "2026-06-19T16:20:08.856Z" }
wheels = [
    { url = "https://files.pythonhosted.org/packages/70/c1/c4435f4dfb8ef0038a9556d2472cd259322f73627c21f94f3e233bd73587/pyobjc_framework_contacts-12.2.1-cp312-cp312-macosx_10_13_universal2.whl", hash = "sha256:9e31c635d1a8ed48d0e3332120d0eafa6a5d40b30fe4832aaa700fa03fe14c8d", size = 12172, upload_time = "2026-06-19T16:07:53.999Z" },
    { url = "https://files.pythonhosted.org/packages/50/0a/9a518f0ebecd5e27493230de7f5dc746b7abdf0ae3f192a14abc7c23cd15/pyobjc_framework_contacts-12.2.1-cp313-cp313-macosx_10_13_universal2.whl", hash = "sha256:93facd1772971b6d88243fa28781498ab5f479c0fe286f8c03870f93c515b517", size = 12186, upload_time = "2026-06-19T16:07:54.774Z" },
    { url = "https://files.pythonhosted.org/packages/73/74/57cbdbe46884d890e8321a9ea3cb85a163def2e0100bc38e14b41cdcde35/pyobjc_framework_contacts-12.2.1-cp313-cp313t-macosx_10_13_universal2.whl", hash = "sha256:d0f73ff7f92986b5920155e9cb16bc74cf049e166e6bc2a7df1621135b4e6d79", size = 12351, upload_time = "2026-06-19T16:07:55.543Z" },
    { url = "https://files.pythonhosted.org/packages/7a/a6/3fc0bc4c50fdf5005501c276613d39c09a35e236f8d5c8f344ae914895eb/pyobjc_framework_contacts-12.2.1-cp314-cp314-macosx_10_15_universal2.whl", hash = "sha256:31d0906bce2e5c348a1453ac390d9e255ce547ca763e93875ea3582deba69070", size = 12259, upload_time = "2026-06-19T16:07:56.68Z" },
    { url = "https://files.pythonhosted.org/packages/d2/4b/31ca64f27d6d9fd1ee2efed4bc979abefc21c743d6b7eab1257c2de2d359/pyobjc_framework_contacts-12.2.1-cp314-cp314t-macosx_10_15_universal2.whl", hash = "sha256:85ec30abb7b27655c715e3b2e01ed6229e24b7f14f235e6c04fb77afedad3983", size = 12415, upload_time = "2026-06-19T16:07:57.705Z" },
    { url = "https://files.pythonhosted.org/packages/cd/51/9b4ec4d4c5a316a2fd3fe6d70c10080e82a4af95e8ffc229f1d04285b60e/pyobjc_framework_contacts-12.2.1-cp315-cp315-macosx_10_15_universal2.whl", hash = "sha256:d21bce70f97cb4b5da7cfb35da64897ce69f96ffbecacfe64364ce220b74d075", size = 12257, upload_time = "2026-06-19T16:07:58.721Z" },
    { url = "https://files.pythonhosted.org/packages/d5/c7/9215dab638d28aaa2af87b66324b954f53dd78060e0387f9300710332e4e/pyobjc_framework_contacts-12.2.1-cp315-cp315t-macosx_10_15_universal2.whl", hash = "sha256:536a46a5a55040142a2cba108ac48045f6da266a042f2fa0ec2bf4b7f8bc1e34", size = 12413, upload_time = "2026-06-19T16:07:59.544Z" },
]

[[package]]
name = "pyobjc-framework-corelocation"
version = "12.2.1"
source = { registry = "https://pypi.org/simple" }
dependencies = [
    { name = "pyobjc-core" },
    { name = "pyobjc-framework-cocoa" },
]
sdist = { url = "https://files.pythonhosted.org/packages/b8/93/41d2ae5cf15a27ee1b51e167b538e50aa752597002878556ed49b3615573/pyobjc_framework_corelocation-12.2.1.tar.gz", hash = "sha256:10b3c206049b70cbab0f98b37bcd91ad97de5ab57041b18a60ab702629009a31", size = 60318, upload_time = "2026-06-19T16:20:14.792Z" }
wheels = [
    { url = "https://files.pythonhosted.org/packages/b8/fc/4f6a89027995948270699c47a86583bfe586ac0c480cf8427fb708bf3a9c/pyobjc_framework_corelocation-12.2.1-cp312-cp312-macosx_10_13_universal2.whl", hash = "sha256:683b6eb23db94ae6ca48e58089c4a9641fd90b1137e54c147ad56ed6db4bb570", size = 12857, upload_time = "2026-06-19T16:08:45.738Z" },
    { url = "https://files.pythonhosted.org/packages/e9/00/156e1d533f3167e638a8e649f02a422cd1f95270932fede56e6bcf46c878/pyobjc_framework_corelocation-12.2.1-cp313-cp313-macosx_10_13_universal2.whl", hash = "sha256:9f336ab0f9289d1909bf86cdd798ac4308166f6e90eecf07452d21182b9a7cba", size = 12874, upload_time = "2026-06-19T16:08:46.645Z" },
    { url = "https://files.pythonhosted.org/packages/ea/f9/7519b4f9d4feeebfb770ed563b756c5dd370d9f4fa302425f05829a7d2d6/pyobjc_framework_corelocation-12.2.1-cp313-cp313t-macosx_10_13_universal2.whl", hash = "sha256:ca3b36828b4324c058ccc289b33cbdb7986bf879719d99a735c3abcd1ceb6ad1", size = 13004, upload_time = "2026-06-19T16:08:47.482Z" },
    { url = "https://files.pythonhosted.org/packages/ce/09/556f20c1178bd39ede1b18690211b36c13ad458692330474ef2e42b2202b/pyobjc_framework_corelocation-12.2.1-cp314-cp314-macosx_10_15_universal2.whl", hash = "sha256:407336ce4e2c4d4d61b486cf64a4672a0048523b9412db8d3a1d1d5b3eaa53bf", size = 12852, upload_time = "2026-06-19T16:08:48.495Z" },
    { url = "https://files.pythonhosted.org/packages/57/19/bad61b941acf3c7e1a3aa623f9bd71dab9cfa7a52df40f79fed4370c2ddc/pyobjc_framework_corelocation-12.2.1-cp314-cp314t-macosx_10_15_universal2.whl", hash = "sha256:80423af235cfc73a719451e326631e743662d9c03821d227647d9fdb596a6401", size = 13004, upload_time = "2026-06-19T16:08:49.283Z" },
    { url = "https://files.pythonhosted.org/packages/d2/c3/e3b7c6982a053293995be2cb47bc6294f01db98892c3f155f08ec87f9922/pyobjc_framework_corelocation-12.2.1-cp315-cp315-macosx_10_15_universal2.whl", hash = "sha256:8e1a2e5cdf5175b01cdda52a8d7dd5daec0afe08a5a0c7a359c2a2f93b66109f", size = 12839, upload_time = "2026-06-19T16:08:50.089Z" },
    { url = "https://files.pythonhosted.org/packages/d4/bb/a3bf2bc14ad5f0b6586de6526a9677cf505654ac1dace6b7aae3935ef72f/pyobjc_framework_corelocation-12.2.1-cp315-cp315t-macosx_10_15_universal2.whl", hash = "sha256:304db40687dd383fc787b795be9e8825f33c4fabf58b9a7d5582377eef173311", size = 12993, upload_time = "2026-06-19T16:08:50.891Z" },
]

[[package]]
name = "pyobjc-framework-eventkit"
version = "12.2.1"
source = { registry = "https://pypi.org/simple" }
dependencies = [
    { name = "pyobjc-core" },
    { name = "pyobjc-framework-cocoa" },
]
sdist = { url = "https://files.pythonhosted.org/packages/2b/94/757c963beb0fb86891c3cd16db56d2e1cf746c24d8256023d6d7f4c83ef7/pyobjc_framework_eventkit-12.2.1.tar.gz", hash = "sha256:2528a61da2fed7d71933d7e5407414176cfcac2e03fdba4633633f0d646c75fa", size = 33775, upload_time = "2026-06-19T16:20:31.384Z" }
wheels = [
    { url = "https://files.pythonhosted.org/packages/4e/cf/504f2531b02010857df765ecebf41097fbd0bf1b803be47afec574199437/pyobjc_framework_eventkit-12.2.1-py2.py3-none-any.whl", hash = "sha256:8efb71afaf9a97450ba701a6fee7de79e0cdefe6d71b5f6724e87b2fd68c5bd4", size = 6952, upload_time = "2026-06-19T16:10:31.307Z" },
]
